
Microsoft Visual Studio Solution File, Format Version 12.00
# Visual Studio Version 17
VisualStudioVersion = 17.9.34902.65
MinimumVisualStudioVersion = 10.0.40219.1
Project("{FAE04EC0-301F-11D3-BF4B-00C04F79EFBC}") = "clients-api", "clients-api\clients-api.csproj", "{3EAA64D5-BF0A-46B7-9341-88823A49DF0F}"
EndProject
Project("{9A19103F-16F7-4668-BE54-9A1E7A4F7556}") = "GC.BL", "GC.BL\GC.BL.csproj", "{E3712B31-B7D0-4F92-AA42-D8F6F3218126}"
EndProject
Project("{9A19103F-16F7-4668-BE54-9A1E7A4F7556}") = "GC.DAL.EF", "GC.DAL.EF\GC.DAL.EF.csproj", "{9FF9467E-DCC0-4B3E-8D2D-574A6AE283E6}"
EndProject
Project("{9A19103F-16F7-4668-BE54-9A1E7A4F7556}") = "GC.Entites", "GC.Entites\GC.Entites.csproj", "{8E81E53F-A645-4BA5-A158-EECFB472AE9B}"
EndProject
Project("{9A19103F-16F7-4668-BE54-9A1E7A4F7556}") = "GC.GenererDonnees", "GC.GenererDonnees\GC.GenererDonnees.csproj", "{B6A161F9-A5E0-46F6-BB5E-72C74D537CA1}"
EndProject
Global
	GlobalSection(SolutionConfigurationPlatforms) = preSolution
		Debug|Any CPU = Debug|Any CPU
		Release|Any CPU = Release|Any CPU
	EndGlobalSection
	GlobalSection(ProjectConfigurationPlatforms) = postSolution
		{3EAA64D5-BF0A-46B7-9341-88823A49DF0F}.Debug|Any CPU.ActiveCfg = Debug|Any CPU
		{3EAA64D5-BF0A-46B7-9341-88823A49DF0F}.Debug|Any CPU.Build.0 = Debug|Any CPU
		{3EAA64D5-BF0A-46B7-9341-88823A49DF0F}.Release|Any CPU.ActiveCfg = Release|Any CPU
		{3EAA64D5-BF0A-46B7-9341-88823A49DF0F}.Release|Any CPU.Build.0 = Release|Any CPU
		{E3712B31-B7D0-4F92-AA42-D8F6F3218126}.Debug|Any CPU.ActiveCfg = Debug|Any CPU
		{E3712B31-B7D0-4F92-AA42-D8F6F3218126}.Debug|Any CPU.Build.0 = Debug|Any CPU
		{E3712B31-B7D0-4F92-AA42-D8F6F3218126}.Release|Any CPU.ActiveCfg = Release|Any CPU
		{E3712B31-B7D0-4F92-AA42-D8F6F3218126}.Release|Any CPU.Build.0 = Release|Any CPU
		{9FF9467E-DCC0-4B3E-8D2D-574A6AE283E6}.Debug|Any CPU.ActiveCfg = Debug|Any CPU
		{9FF9467E-DCC0-4B3E-8D2D-574A6AE283E6}.Debug|Any CPU.Build.0 = Debug|Any CPU
		{9FF9467E-DCC0-4B3E-8D2D-574A6AE283E6}.Release|Any CPU.ActiveCfg = Release|Any CPU
		{9FF9467E-DCC0-4B3E-8D2D-574A6AE283E6}.Release|Any CPU.Build.0 = Release|Any CPU
		{8E81E53F-A645-4BA5-A158-EECFB472AE9B}.Debug|Any CPU.ActiveCfg = Debug|Any CPU
		{8E81E53F-A645-4BA5-A158-EECFB472AE9B}.Debug|Any CPU.Build.0 = Debug|Any CPU
		{8E81E53F-A645-4BA5-A158-EECFB472AE9B}.Release|Any CPU.ActiveCfg = Release|Any CPU
		{8E81E53F-A645-4BA5-A158-EECFB472AE9B}.Release|Any CPU.Build.0 = Release|Any CPU
		{B6A161F9-A5E0-46F6-BB5E-72C74D537CA1}.Debug|Any CPU.ActiveCfg = Debug|Any CPU
		{B6A161F9-A5E0-46F6-BB5E-72C74D537CA1}.Debug|Any CPU.Build.0 = Debug|Any CPU
		{B6A161F9-A5E0-46F6-BB5E-72C74D537CA1}.Release|Any CPU.ActiveCfg = Release|Any CPU
		{B6A161F9-A5E0-46F6-BB5E-72C74D537CA1}.Release|Any CPU.Build.0 = Release|Any CPU
	EndGlobalSection
	GlobalSection(SolutionProperties) = preSolution
		HideSolutionNode = FALSE
	EndGlobalSection
	GlobalSection(ExtensibilityGlobals) = postSolution
		SolutionGuid = {F33E3761-9763-4F3A-A2FE-87AA263C9EE6}
	EndGlobalSection
EndGlobal
